// !$*UTF8*$!
{
	archiveVersion = 1;
	classes = {
	};
	objectVersion = 46;
	objects = {

/* Begin PBXBuildFile section */
		E56226971D7BEAD600DD1E36 /* AppDelegate.swift in Sources */ = {isa = PBXBuildFile; fileRef = E56226961D7BEAD600DD1E36 /* AppDelegate.swift */; };
		E56226991D7BEAD600DD1E36 /* ViewController.swift in Sources */ = {isa = PBXBuildFile; fileRef = E56226981D7BEAD600DD1E36 /* ViewController.swift */; };
		E562269C1D7BEAD600DD1E36 /* Main.storyboard in Resources */ = {isa = PBXBuildFile; fileRef = E562269A1D7BEAD600DD1E36 /* Main.storyboard */; };
		E562269E1D7BEAD600DD1E36 /* Assets.xcassets in Resources */ = {isa = PBXBuildFile; fileRef = E562269D1D7BEAD600DD1E36 /* Assets.xcassets */; };
		E56226A11D7BEAD600DD1E36 /* LaunchScreen.storyboard in Resources */ = {isa = PBXBuildFile; fileRef = E562269F1D7BEAD600DD1E36 /* LaunchScreen.storyboard */; };
		E56226C11D7BED4800DD1E36 /* CameraView.strings in Resources */ = {isa = PBXBuildFile; fileRef = E56226A91D7BED4800DD1E36 /* CameraView.strings */; };
		E56226C31D7BED4800DD1E36 /* CameraGlobals.swift in Sources */ = {isa = PBXBuildFile; fileRef = E56226AC1D7BED4800DD1E36 /* CameraGlobals.swift */; };
		E56226C41D7BED4800DD1E36 /* CameraShot.swift in Sources */ = {isa = PBXBuildFile; fileRef = E56226AD1D7BED4800DD1E36 /* CameraShot.swift */; };
		E56226C51D7BED4800DD1E36 /* ImageFetcher.swift in Sources */ = {isa = PBXBuildFile; fileRef = E56226AE1D7BED4800DD1E36 /* ImageFetcher.swift */; };
		E56226C61D7BED4800DD1E36 /* PhotoLibraryAuthorizer.swift in Sources */ = {isa = PBXBuildFile; fileRef = E56226AF1D7BED4800DD1E36 /* PhotoLibraryAuthorizer.swift */; };
		E56226C71D7BED4800DD1E36 /* SingleImageFetcher.swift in Sources */ = {isa = PBXBuildFile; fileRef = E56226B01D7BED4800DD1E36 /* SingleImageFetcher.swift */; };
		E56226C81D7BED4800DD1E36 /* SingleImageSaver.swift in Sources */ = {isa = PBXBuildFile; fileRef = E56226B11D7BED4800DD1E36 /* SingleImageSaver.swift */; };
		E56226C91D7BED4800DD1E36 /* UIButtonExtensions.swift in Sources */ = {isa = PBXBuildFile; fileRef = E56226B21D7BED4800DD1E36 /* UIButtonExtensions.swift */; };
		E56226CA1D7BED4800DD1E36 /* UIViewExtensions.swift in Sources */ = {isa = PBXBuildFile; fileRef = E56226B31D7BED4800DD1E36 /* UIViewExtensions.swift */; };
		E56226CB1D7BED4800DD1E36 /* Utilities.swift in Sources */ = {isa = PBXBuildFile; fileRef = E56226B41D7BED4800DD1E36 /* Utilities.swift */; };
		E56226CC1D7BED4800DD1E36 /* VolumeControl.swift in Sources */ = {isa = PBXBuildFile; fileRef = E56226B51D7BED4800DD1E36 /* VolumeControl.swift */; };
		E56226CD1D7BED4800DD1E36 /* CameraViewController.swift in Sources */ = {isa = PBXBuildFile; fileRef = E56226B71D7BED4800DD1E36 /* CameraViewController.swift */; };
		E56226CE1D7BED4800DD1E36 /* CameraViewControllerConstraint.swift in Sources */ = {isa = PBXBuildFile; fileRef = E56226B81D7BED4800DD1E36 /* CameraViewControllerConstraint.swift */; };
		E56226CF1D7BED4800DD1E36 /* ConfirmViewController.swift in Sources */ = {isa = PBXBuildFile; fileRef = E56226B91D7BED4800DD1E36 /* ConfirmViewController.swift */; };
		E56226D01D7BED4800DD1E36 /* ConfirmViewController.xib in Resources */ = {isa = PBXBuildFile; fileRef = E56226BA1D7BED4800DD1E36 /* ConfirmViewController.xib */; };
		E56226D11D7BED4800DD1E36 /* PhotoLibraryViewController.swift in Sources */ = {isa = PBXBuildFile; fileRef = E56226BB1D7BED4800DD1E36 /* PhotoLibraryViewController.swift */; };
		E56226D21D7BED4800DD1E36 /* CameraView.swift in Sources */ = {isa = PBXBuildFile; fileRef = E56226BD1D7BED4800DD1E36 /* CameraView.swift */; };
		E56226D31D7BED4800DD1E36 /* CropOverlay.swift in Sources */ = {isa = PBXBuildFile; fileRef = E56226BE1D7BED4800DD1E36 /* CropOverlay.swift */; };
		E56226D41D7BED4800DD1E36 /* ImageCell.swift in Sources */ = {isa = PBXBuildFile; fileRef = E56226BF1D7BED4800DD1E36 /* ImageCell.swift */; };
		E56226D51D7BED4800DD1E36 /* PermissionsView.swift in Sources */ = {isa = PBXBuildFile; fileRef = E56226C01D7BED4800DD1E36 /* PermissionsView.swift */; };
		E56226D81D7BFB0400DD1E36 /* PLCameraViewController.xib in Resources */ = {isa = PBXBuildFile; fileRef = E56226D71D7BFB0400DD1E36 /* PLCameraViewController.xib */; };
		E56226DB1D7BFE0B00DD1E36 /* PLCameraViewController.swift in Sources */ = {isa = PBXBuildFile; fileRef = E56226D91D7BFE0B00DD1E36 /* PLCameraViewController.swift */; };
		E56226DF1D7C24E200DD1E36 /* PLCropViewController.swift in Sources */ = {isa = PBXBuildFile; fileRef = E56226DD1D7C24E200DD1E36 /* PLCropViewController.swift */; };
		E56226E01D7C24E200DD1E36 /* PLCropViewController.xib in Resources */ = {isa = PBXBuildFile; fileRef = E56226DE1D7C24E200DD1E36 /* PLCropViewController.xib */; };
/* End PBXBuildFile section */

/* Begin PBXFileReference section */
		E56226931D7BEAD600DD1E36 /* CamerTest.app */ = {isa = PBXFileReference; explicitFileType = wrapper.application; includeInIndex = 0; path = CamerTest.app; sourceTree = BUILT_PRODUCTS_DIR; };
		E56226961D7BEAD600DD1E36 /* AppDelegate.swift */ = {isa = PBXFileReference; lastKnownFileType = sourcecode.swift; path = AppDelegate.swift; sourceTree = "<group>"; };
		E56226981D7BEAD600DD1E36 /* ViewController.swift */ = {isa = PBXFileReference; lastKnownFileType = sourcecode.swift; path = ViewController.swift; sourceTree = "<group>"; };
		E562269B1D7BEAD600DD1E36 /* Base */ = {isa = PBXFileReference; lastKnownFileType = file.storyboard; name = Base; path = Base.lproj/Main.storyboard; sourceTree = "<group>"; };
		E562269D1D7BEAD600DD1E36 /* Assets.xcassets */ = {isa = PBXFileReference; lastKnownFileType = folder.assetcatalog; path = Assets.xcassets; sourceTree = "<group>"; };
		E56226A01D7BEAD600DD1E36 /* Base */ = {isa = PBXFileReference; lastKnownFileType = file.storyboard; name = Base; path = Base.lproj/LaunchScreen.storyboard; sourceTree = "<group>"; };
		E56226A21D7BEAD600DD1E36 /* Info.plist */ = {isa = PBXFileReference; lastKnownFileType = text.plist.xml; path = Info.plist; sourceTree = "<group>"; };
		E56226A91D7BED4800DD1E36 /* CameraView.strings */ = {isa = PBXFileReference; fileEncoding = 4; lastKnownFileType = text.plist.strings; path = CameraView.strings; sourceTree = "<group>"; };
		E56226AC1D7BED4800DD1E36 /* CameraGlobals.swift */ = {isa = PBXFileReference; fileEncoding = 4; lastKnownFileType = sourcecode.swift; path = CameraGlobals.swift; sourceTree = "<group>"; };
		E56226AD1D7BED4800DD1E36 /* CameraShot.swift */ = {isa = PBXFileReference; fileEncoding = 4; lastKnownFileType = sourcecode.swift; path = CameraShot.swift; sourceTree = "<group>"; };
		E56226AE1D7BED4800DD1E36 /* ImageFetcher.swift */ = {isa = PBXFileReference; fileEncoding = 4; lastKnownFileType = sourcecode.swift; path = ImageFetcher.swift; sourceTree = "<group>"; };
		E56226AF1D7BED4800DD1E36 /* PhotoLibraryAuthorizer.swift */ = {isa = PBXFileReference; fileEncoding = 4; lastKnownFileType = sourcecode.swift; path = PhotoLibraryAuthorizer.swift; sourceTree = "<group>"; };
		E56226B01D7BED4800DD1E36 /* SingleImageFetcher.swift */ = {isa = PBXFileReference; fileEncoding = 4; lastKnownFileType = sourcecode.swift; path = SingleImageFetcher.swift; sourceTree = "<group>"; };
		E56226B11D7BED4800DD1E36 /* SingleImageSaver.swift */ = {isa = PBXFileReference; fileEncoding = 4; lastKnownFileType = sourcecode.swift; path = SingleImageSaver.swift; sourceTree = "<group>"; };
		E56226B21D7BED4800DD1E36 /* UIButtonExtensions.swift */ = {isa = PBXFileReference; fileEncoding = 4; lastKnownFileType = sourcecode.swift; path = UIButtonExtensions.swift; sourceTree = "<group>"; };
		E56226B31D7BED4800DD1E36 /* UIViewExtensions.swift */ = {isa = PBXFileReference; fileEncoding = 4; lastKnownFileType = sourcecode.swift; path = UIViewExtensions.swift; sourceTree = "<group>"; };
		E56226B41D7BED4800DD1E36 /* Utilities.swift */ = {isa = PBXFileReference; fileEncoding = 4; lastKnownFileType = sourcecode.swift; path = Utilities.swift; sourceTree = "<group>"; };
		E56226B51D7BED4800DD1E36 /* VolumeControl.swift */ = {isa = PBXFileReference; fileEncoding = 4; lastKnownFileType = sourcecode.swift; path = VolumeControl.swift; sourceTree = "<group>"; };
		E56226B71D7BED4800DD1E36 /* CameraViewController.swift */ = {isa = PBXFileReference; fileEncoding = 4; lastKnownFileType = sourcecode.swift; path = CameraViewController.swift; sourceTree = "<group>"; };
		E56226B81D7BED4800DD1E36 /* CameraViewControllerConstraint.swift */ = {isa = PBXFileReference; fileEncoding = 4; lastKnownFileType = sourcecode.swift; path = CameraViewControllerConstraint.swift; sourceTree = "<group>"; };
		E56226B91D7BED4800DD1E36 /* ConfirmViewController.swift */ = {isa = PBXFileReference; fileEncoding = 4; lastKnownFileType = sourcecode.swift; path = ConfirmViewController.swift; sourceTree = "<group>"; };
		E56226BA1D7BED4800DD1E36 /* ConfirmViewController.xib */ = {isa = PBXFileReference; fileEncoding = 4; lastKnownFileType = file.xib; path = ConfirmViewController.xib; sourceTree = "<group>"; };
		E56226BB1D7BED4800DD1E36 /* PhotoLibraryViewController.swift */ = {isa = PBXFileReference; fileEncoding = 4; lastKnownFileType = sourcecode.swift; path = PhotoLibraryViewController.swift; sourceTree = "<group>"; };
		E56226BD1D7BED4800DD1E36 /* CameraView.swift */ = {isa = PBXFileReference; fileEncoding = 4; lastKnownFileType = sourcecode.swift; path = CameraView.swift; sourceTree = "<group>"; };
		E56226BE1D7BED4800DD1E36 /* CropOverlay.swift */ = {isa = PBXFileReference; fileEncoding = 4; lastKnownFileType = sourcecode.swift; path = CropOverlay.swift; sourceTree = "<group>"; };
		E56226BF1D7BED4800DD1E36 /* ImageCell.swift */ = {isa = PBXFileReference; fileEncoding = 4; lastKnownFileType = sourcecode.swift; path = ImageCell.swift; sourceTree = "<group>"; };
		E56226C01D7BED4800DD1E36 /* PermissionsView.swift */ = {isa = PBXFileReference; fileEncoding = 4; lastKnownFileType = sourcecode.swift; path = PermissionsView.swift; sourceTree = "<group>"; };
		E56226D71D7BFB0400DD1E36 /* PLCameraViewController.xib */ = {isa = PBXFileReference; fileEncoding = 4; lastKnownFileType = file.xib; path = PLCameraViewController.xib; sourceTree = "<group>"; };
		E56226D91D7BFE0B00DD1E36 /* PLCameraViewController.swift */ = {isa = PBXFileReference; fileEncoding = 4; lastKnownFileType = sourcecode.swift; path = PLCameraViewController.swift; sourceTree = "<group>"; };
		E56226DD1D7C24E200DD1E36 /* PLCropViewController.swift */ = {isa = PBXFileReference; fileEncoding = 4; lastKnownFileType = sourcecode.swift; path = PLCropViewController.swift; sourceTree = "<group>"; };
		E56226DE1D7C24E200DD1E36 /* PLCropViewController.xib */ = {isa = PBXFileReference; fileEncoding = 4; lastKnownFileType = file.xib; path = PLCropViewController.xib; sourceTree = "<group>"; };
/* End PBXFileReference section */

/* Begin PBXFrameworksBuildPhase section */
		E56226901D7BEAD600DD1E36 /* Frameworks */ = {
			isa = PBXFrameworksBuildPhase;
			buildActionMask = 2147483647;
			files = (
			);
			runOnlyForDeploymentPostprocessing = 0;
		};
/* End PBXFrameworksBuildPhase section */

/* Begin PBXGroup section */
		E562268A1D7BEAD600DD1E36 = {
			isa = PBXGroup;
			children = (
				E56226951D7BEAD600DD1E36 /* CamerTest */,
				E56226941D7BEAD600DD1E36 /* Products */,
			);
			sourceTree = "<group>";
		};
		E56226941D7BEAD600DD1E36 /* Products */ = {
			isa = PBXGroup;
			children = (
				E56226931D7BEAD600DD1E36 /* CamerTest.app */,
			);
			name = Products;
			sourceTree = "<group>";
		};
		E56226951D7BEAD600DD1E36 /* CamerTest */ = {
			isa = PBXGroup;
			children = (
				E56226D61D7BFADE00DD1E36 /* camera */,
				E56226A81D7BED4800DD1E36 /* ALCameraViewController */,
				E56226961D7BEAD600DD1E36 /* AppDelegate.swift */,
				E56226981D7BEAD600DD1E36 /* ViewController.swift */,
				E562269A1D7BEAD600DD1E36 /* Main.storyboard */,
				E562269D1D7BEAD600DD1E36 /* Assets.xcassets */,
				E562269F1D7BEAD600DD1E36 /* LaunchScreen.storyboard */,
				E56226A21D7BEAD600DD1E36 /* Info.plist */,
			);
			path = CamerTest;
			sourceTree = "<group>";
		};
		E56226A81D7BED4800DD1E36 /* ALCameraViewController */ = {
			isa = PBXGroup;
			children = (
				E56226A91D7BED4800DD1E36 /* CameraView.strings */,
				E56226AB1D7BED4800DD1E36 /* Utilities */,
				E56226B61D7BED4800DD1E36 /* ViewController */,
				E56226BC1D7BED4800DD1E36 /* Views */,
			);
			path = ALCameraViewController;
			sourceTree = "<group>";
		};
		E56226AB1D7BED4800DD1E36 /* Utilities */ = {
			isa = PBXGroup;
			children = (
				E56226AC1D7BED4800DD1E36 /* CameraGlobals.swift */,
				E56226AD1D7BED4800DD1E36 /* CameraShot.swift */,
				E56226AE1D7BED4800DD1E36 /* ImageFetcher.swift */,
				E56226AF1D7BED4800DD1E36 /* PhotoLibraryAuthorizer.swift */,
				E56226B01D7BED4800DD1E36 /* SingleImageFetcher.swift */,
				E56226B11D7BED4800DD1E36 /* SingleImageSaver.swift */,
				E56226B21D7BED4800DD1E36 /* UIButtonExtensions.swift */,
				E56226B31D7BED4800DD1E36 /* UIViewExtensions.swift */,
				E56226B41D7BED4800DD1E36 /* Utilities.swift */,
				E56226B51D7BED4800DD1E36 /* VolumeControl.swift */,
			);
			path = Utilities;
			sourceTree = "<group>";
		};
		E56226B61D7BED4800DD1E36 /* ViewController */ = {
			isa = PBXGroup;
			children = (
				E56226B71D7BED4800DD1E36 /* CameraViewController.swift */,
				E56226B81D7BED4800DD1E36 /* CameraViewControllerConstraint.swift */,
				E56226B91D7BED4800DD1E36 /* ConfirmViewController.swift */,
				E56226BA1D7BED4800DD1E36 /* ConfirmViewController.xib */,
				E56226BB1D7BED4800DD1E36 /* PhotoLibraryViewController.swift */,
			);
			path = ViewController;
			sourceTree = "<group>";
		};
		E56226BC1D7BED4800DD1E36 /* Views */ = {
			isa = PBXGroup;
			children = (
				E56226BD1D7BED4800DD1E36 /* CameraView.swift */,
				E56226BE1D7BED4800DD1E36 /* CropOverlay.swift */,
				E56226BF1D7BED4800DD1E36 /* ImageCell.swift */,
				E56226C01D7BED4800DD1E36 /* PermissionsView.swift */,
			);
			path = Views;
			sourceTree = "<group>";
		};
		E56226D61D7BFADE00DD1E36 /* camera */ = {
			isa = PBXGroup;
			children = (
				E56226D71D7BFB0400DD1E36 /* PLCameraViewController.xib */,
				E56226D91D7BFE0B00DD1E36 /* PLCameraViewController.swift */,
				E56226DD1D7C24E200DD1E36 /* PLCropViewController.swift */,
				E56226DE1D7C24E200DD1E36 /* PLCropViewController.xib */,
			);
			name = camera;
			sourceTree = "<group>";
		};
/* End PBXGroup section */

/* Begin PBXNativeTarget section */
		E56226921D7BEAD600DD1E36 /* CamerTest */ = {
			isa = PBXNativeTarget;
			buildConfigurationList = E56226A51D7BEAD600DD1E36 /* Build configuration list for PBXNativeTarget "CamerTest" */;
			buildPhases = (
				E562268F1D7BEAD600DD1E36 /* Sources */,
				E56226901D7BEAD600DD1E36 /* Frameworks */,
				E56226911D7BEAD600DD1E36 /* Resources */,
			);
			buildRules = (
			);
			dependencies = (
			);
			name = CamerTest;
			productName = CamerTest;
			productReference = E56226931D7BEAD600DD1E36 /* CamerTest.app */;
			productType = "com.apple.product-type.application";
		};
/* End PBXNativeTarget section */

/* Begin PBXProject section */
		E562268B1D7BEAD600DD1E36 /* Project object */ = {
			isa = PBXProject;
			attributes = {
				LastSwiftUpdateCheck = 0730;
				LastUpgradeCheck = 0730;
				ORGANIZATIONNAME = "Yu-cheng Jhuo";
				TargetAttributes = {
					E56226921D7BEAD600DD1E36 = {
						CreatedOnToolsVersion = 7.3.1;
					};
				};
			};
			buildConfigurationList = E562268E1D7BEAD600DD1E36 /* Build configuration list for PBXProject "CamerTest" */;
			compatibilityVersion = "Xcode 3.2";
			developmentRegion = English;
			hasScannedForEncodings = 0;
			knownRegions = (
				en,
				Base,
			);
			mainGroup = E562268A1D7BEAD600DD1E36;
			productRefGroup = E56226941D7BEAD600DD1E36 /* Products */;
			projectDirPath = "";
			projectRoot = "";
			targets = (
				E56226921D7BEAD600DD1E36 /* CamerTest */,
			);
		};
/* End PBXProject section */

/* Begin PBXResourcesBuildPhase section */
		E56226911D7BEAD600DD1E36 /* Resources */ = {
			isa = PBXResourcesBuildPhase;
			buildActionMask = 2147483647;
			files = (
				E56226A11D7BEAD600DD1E36 /* LaunchScreen.storyboard in Resources */,
				E562269E1D7BEAD600DD1E36 /* Assets.xcassets in Resources */,
				E56226C11D7BED4800DD1E36 /* CameraView.strings in Resources */,
				E56226D81D7BFB0400DD1E36 /* PLCameraViewController.xib in Resources */,
				E562269C1D7BEAD600DD1E36 /* Main.storyboard in Resources */,
				E56226E01D7C24E200DD1E36 /* PLCropViewController.xib in Resources */,
				E56226D01D7BED4800DD1E36 /* ConfirmViewController.xib in Resources */,
			);
			runOnlyForDeploymentPostprocessing = 0;
		};
/* End PBXResourcesBuildPhase section */

/* Begin PBXSourcesBuildPhase section */
		E562268F1D7BEAD600DD1E36 /* Sources */ = {
			isa = PBXSourcesBuildPhase;
			buildActionMask = 2147483647;
			files = (
				E56226CF1D7BED4800DD1E36 /* ConfirmViewController.swift in Sources */,
				E56226991D7BEAD600DD1E36 /* ViewController.swift in Sources */,
				E56226DF1D7C24E200DD1E36 /* PLCropViewController.swift in Sources */,
				E56226D11D7BED4800DD1E36 /* PhotoLibraryViewController.swift in Sources */,
				E56226D51D7BED4800DD1E36 /* PermissionsView.swift in Sources */,
				E56226D41D7BED4800DD1E36 /* ImageCell.swift in Sources */,
				E56226971D7BEAD600DD1E36 /* AppDelegate.swift in Sources */,
				E56226CB1D7BED4800DD1E36 /* Utilities.swift in Sources */,
				E56226C71D7BED4800DD1E36 /* SingleImageFetcher.swift in Sources */,
				E56226D31D7BED4800DD1E36 /* CropOverlay.swift in Sources */,
				E56226CD1D7BED4800DD1E36 /* CameraViewController.swift in Sources */,
				E56226C41D7BED4800DD1E36 /* CameraShot.swift in Sources */,
				E56226C61D7BED4800DD1E36 /* PhotoLibraryAuthorizer.swift in Sources */,
				E56226C31D7BED4800DD1E36 /* CameraGlobals.swift in Sources */,
				E56226CA1D7BED4800DD1E36 /* UIViewExtensions.swift in Sources */,
				E56226C91D7BED4800DD1E36 /* UIButtonExtensions.swift in Sources */,
				E56226D21D7BED4800DD1E36 /* CameraView.swift in Sources */,
				E56226CE1D7BED4800DD1E36 /* CameraViewControllerConstraint.swift in Sources */,
				E56226C51D7BED4800DD1E36 /* ImageFetcher.swift in Sources */,
				E56226C81D7BED4800DD1E36 /* SingleImageSaver.swift in Sources */,
				E56226CC1D7BED4800DD1E36 /* VolumeControl.swift in Sources */,
				E56226DB1D7BFE0B00DD1E36 /* PLCameraViewController.swift in Sources */,
			);
			runOnlyForDeploymentPostprocessing = 0;
		};
/* End PBXSourcesBuildPhase section */

/* Begin PBXVariantGroup section */
		E562269A1D7BEAD600DD1E36 /* Main.storyboard */ = {
			isa = PBXVariantGroup;
			children = (
				E562269B1D7BEAD600DD1E36 /* Base */,
			);
			name = Main.storyboard;
			sourceTree = "<group>";
		};
		E562269F1D7BEAD600DD1E36 /* LaunchScreen.storyboard */ = {
			isa = PBXVariantGroup;
			children = (
				E56226A01D7BEAD600DD1E36 /* Base */,
			);
			name = LaunchScreen.storyboard;
			sourceTree = "<group>";
		};
/* End PBXVariantGroup section */

/* Begin XCBuildConfiguration section */
		E56226A31D7BEAD600DD1E36 /* Debug */ = {
			isa = XCBuildConfiguration;
			buildSettings = {
				ALWAYS_SEARCH_USER_PATHS = NO;
				CLANG_ANALYZER_NONNULL = YES;
				CLANG_CXX_LANGUAGE_STANDARD = "gnu++0x";
				CLANG_CXX_LIBRARY = "libc++";
				CLANG_ENABLE_MODULES = YES;
				CLANG_ENABLE_OBJC_ARC = YES;
				CLANG_WARN_BOOL_CONVERSION = YES;
				CLANG_WARN_CONSTANT_CONVERSION = YES;
				CLANG_WARN_DIRECT_OBJC_ISA_USAGE = YES_ERROR;
				CLANG_WARN_EMPTY_BODY = YES;
				CLANG_WARN_ENUM_CONVERSION = YES;
				CLANG_WARN_INT_CONVERSION = YES;
				CLANG_WARN_OBJC_ROOT_CLASS = YES_ERROR;
				CLANG_WARN_UNREACHABLE_CODE = YES;
				CLANG_WARN__DUPLICATE_METHOD_MATCH = YES;
				"CODE_SIGN_IDENTITY[sdk=iphoneos*]" = "iPhone Developer";
				COPY_PHASE_STRIP = NO;
				DEBUG_INFORMATION_FORMAT = dwarf;
				ENABLE_STRICT_OBJC_MSGSEND = YES;
				ENABLE_TESTABILITY = YES;
				GCC_C_LANGUAGE_STANDARD = gnu99;
				GCC_DYNAMIC_NO_PIC = NO;
				GCC_NO_COMMON_BLOCKS = YES;
				GCC_OPTIMIZATION_LEVEL = 0;
				GCC_PREPROCESSOR_DEFINITIONS = (
					"DEBUG=1",
					"$(inherited)",
				);
				GCC_WARN_64_TO_32_BIT_CONVERSION = YES;
				GCC_WARN_ABOUT_RETURN_TYPE = YES_ERROR;
				GCC_WARN_UNDECLARED_SELECTOR = YES;
				GCC_WARN_UNINITIALIZED_AUTOS = YES_AGGRESSIVE;
				GCC_WARN_UNUSED_FUNCTION = YES;
				GCC_WARN_UNUSED_VARIABLE = YES;
				IPHONEOS_DEPLOYMENT_TARGET = 9.3;
				MTL_ENABLE_DEBUG_INFO = YES;
				ONLY_ACTIVE_ARCH = YES;
				SDKROOT = iphoneos;
				SWIFT_OPTIMIZATION_LEVEL = "-Onone";
			};
			name = Debug;
		};
		E56226A41D7BEAD600DD1E36 /* Release */ = {
			isa = XCBuildConfiguration;
			buildSettings = {
				ALWAYS_SEARCH_USER_PATHS = NO;
				CLANG_ANALYZER_NONNULL = YES;
				CLANG_CXX_LANGUAGE_STANDARD = "gnu++0x";
				CLANG_CXX_LIBRARY = "libc++";
				CLANG_ENABLE_MODULES = YES;
				CLANG_ENABLE_OBJC_ARC = YES;
				CLANG_WARN_BOOL_CONVERSION = YES;
				CLANG_WARN_CONSTANT_CONVERSION = YES;
				CLANG_WARN_DIRECT_OBJC_ISA_USAGE = YES_ERROR;
				CLANG_WARN_EMPTY_BODY = YES;
				CLANG_WARN_ENUM_CONVERSION = YES;
				CLANG_WARN_INT_CONVERSION = YES;
				CLANG_WARN_OBJC_ROOT_CLASS = YES_ERROR;
				CLANG_WARN_UNREACHABLE_CODE = YES;
				CLANG_WARN__DUPLICATE_METHOD_MATCH = YES;
				"CODE_SIGN_IDENTITY[sdk=iphoneos*]" = "iPhone Developer";
				COPY_PHASE_STRIP = NO;
				DEBUG_INFORMATION_FORMAT = "dwarf-with-dsym";
				ENABLE_NS_ASSERTIONS = NO;
				ENABLE_STRICT_OBJC_MSGSEND = YES;
				GCC_C_LANGUAGE_STANDARD = gnu99;
				GCC_NO_COMMON_BLOCKS = YES;
				GCC_WARN_64_TO_32_BIT_CONVERSION = YES;
				GCC_WARN_ABOUT_RETURN_TYPE = YES_ERROR;
				GCC_WARN_UNDECLARED_SELECTOR = YES;
				GCC_WARN_UNINITIALIZED_AUTOS = YES_AGGRESSIVE;
				GCC_WARN_UNUSED_FUNCTION = YES;
				GCC_WARN_UNUSED_VARIABLE = YES;
				IPHONEOS_DEPLOYMENT_TARGET = 9.3;
				MTL_ENABLE_DEBUG_INFO = NO;
				SDKROOT = iphoneos;
				VALIDATE_PRODUCT = YES;
			};
			name = Release;
		};
		E56226A61D7BEAD600DD1E36 /* Debug */ = {
			isa = XCBuildConfiguration;
			buildSettings = {
				ASSETCATALOG_COMPILER_APPICON_NAME = AppIcon;
				INFOPLIST_FILE = CamerTest/Info.plist;
				IPHONEOS_DEPLOYMENT_TARGET = 9.1;
				LD_RUNPATH_SEARCH_PATHS = "$(inherited) @executable_path/Frameworks";
				PRODUCT_BUNDLE_IDENTIFIER = polo.CamerTest;
				PRODUCT_NAME = "$(TARGET_NAME)";
			};
			name = Debug;
		};
		E56226A71D7BEAD600DD1E36 /* Release */ = {
			isa = XCBuildConfiguration;
			buildSettings = {
				ASSETCATALOG_COMPILER_APPICON_NAME = AppIcon;
				INFOPLIST_FILE = CamerTest/Info.plist;
				IPHONEOS_DEPLOYMENT_TARGET = 9.1;
				LD_RUNPATH_SEARCH_PATHS = "$(inherited) @executable_path/Frameworks";
				PRODUCT_BUNDLE_IDENTIFIER = polo.CamerTest;
				PRODUCT_NAME = "$(TARGET_NAME)";
			};
			name = Release;
		};
/* End XCBuildConfiguration section */

/* Begin XCConfigurationList section */
		E562268E1D7BEAD600DD1E36 /* Build configuration list for PBXProject "CamerTest" */ = {
			isa = XCConfigurationList;
			buildConfigurations = (
				E56226A31D7BEAD600DD1E36 /* Debug */,
				E56226A41D7BEAD600DD1E36 /* Release */,
			);
			defaultConfigurationIsVisible = 0;
			defaultConfigurationName = Release;
		};
		E56226A51D7BEAD600DD1E36 /* Build configuration list for PBXNativeTarget "CamerTest" */ = {
			isa = XCConfigurationList;
			buildConfigurations = (
				E56226A61D7BEAD600DD1E36 /* Debug */,
				E56226A71D7BEAD600DD1E36 /* Release */,
			);
			defaultConfigurationIsVisible = 0;
			defaultConfigurationName = Release;
		};
/* End XCConfigurationList section */
	};
	rootObject = E562268B1D7BEAD600DD1E36 /* Project object */;
}
