// !$*UTF8*$!
{
	archiveVersion = 1;
	classes = {
	};
	objectVersion = 48;
	objects = {

/* Begin PBXBuildFile section */
		18C9DE5C1E262B0C00A9A07B /* CropOverlay.swift in Sources */ = {isa = PBXBuildFile; fileRef = 18C9DE591E262B0C00A9A07B /* CropOverlay.swift */; };
		18C9DE5D1E262B0C00A9A07B /* CropViewController.swift in Sources */ = {isa = PBXBuildFile; fileRef = 18C9DE5A1E262B0C00A9A07B /* CropViewController.swift */; };
		18C9DE5E1E262B0C00A9A07B /* CropViewController.xib in Resources */ = {isa = PBXBuildFile; fileRef = 18C9DE5B1E262B0C00A9A07B /* CropViewController.xib */; };
		18C9DE601E262E4600A9A07B /* LightStatusImagePickerController.swift in Sources */ = {isa = PBXBuildFile; fileRef = 18C9DE5F1E262E4600A9A07B /* LightStatusImagePickerController.swift */; };
		18C9DE631E271F5300A9A07B /* FilterViewController.swift in Sources */ = {isa = PBXBuildFile; fileRef = 18C9DE611E271F5300A9A07B /* FilterViewController.swift */; };
		18C9DE641E271F5300A9A07B /* FilterViewController.xib in Resources */ = {isa = PBXBuildFile; fileRef = 18C9DE621E271F5300A9A07B /* FilterViewController.xib */; };
		18EDBDAC1D81614D008E4408 /* Camera.xcassets in Resources */ = {isa = PBXBuildFile; fileRef = 18EDBDA91D81614D008E4408 /* Camera.xcassets */; };
		18EDBDAD1D81614D008E4408 /* PLCameraViewController.swift in Sources */ = {isa = PBXBuildFile; fileRef = 18EDBDAA1D81614D008E4408 /* PLCameraViewController.swift */; };
		18EDBDAE1D81614D008E4408 /* PLCameraViewController.xib in Resources */ = {isa = PBXBuildFile; fileRef = 18EDBDAB1D81614D008E4408 /* PLCameraViewController.xib */; };
		18EDBDBC1D8172D1008E4408 /* icon_flash_1.png in Resources */ = {isa = PBXBuildFile; fileRef = 18EDBDB01D8172D1008E4408 /* icon_flash_1.png */; };
		18EDBDBD1D8172D1008E4408 /* icon_flash_1@2x.png in Resources */ = {isa = PBXBuildFile; fileRef = 18EDBDB11D8172D1008E4408 /* icon_flash_1@2x.png */; };
		18EDBDBE1D8172D1008E4408 /* icon_flash_1@3x.png in Resources */ = {isa = PBXBuildFile; fileRef = 18EDBDB21D8172D1008E4408 /* icon_flash_1@3x.png */; };
		18EDBDBF1D8172D1008E4408 /* icon_flash_2.png in Resources */ = {isa = PBXBuildFile; fileRef = 18EDBDB31D8172D1008E4408 /* icon_flash_2.png */; };
		18EDBDC01D8172D1008E4408 /* icon_flash_2@2x.png in Resources */ = {isa = PBXBuildFile; fileRef = 18EDBDB41D8172D1008E4408 /* icon_flash_2@2x.png */; };
		18EDBDC11D8172D1008E4408 /* icon_flash_2@3x.png in Resources */ = {isa = PBXBuildFile; fileRef = 18EDBDB51D8172D1008E4408 /* icon_flash_2@3x.png */; };
		18EDBDC21D8172D1008E4408 /* icon_flash_3.png in Resources */ = {isa = PBXBuildFile; fileRef = 18EDBDB61D8172D1008E4408 /* icon_flash_3.png */; };
		18EDBDC31D8172D1008E4408 /* icon_flash_3@2x.png in Resources */ = {isa = PBXBuildFile; fileRef = 18EDBDB71D8172D1008E4408 /* icon_flash_3@2x.png */; };
		18EDBDC41D8172D1008E4408 /* icon_flash_3@3x.png in Resources */ = {isa = PBXBuildFile; fileRef = 18EDBDB81D8172D1008E4408 /* icon_flash_3@3x.png */; };
		18EDBDC51D8172D1008E4408 /* icon_turn.png in Resources */ = {isa = PBXBuildFile; fileRef = 18EDBDB91D8172D1008E4408 /* icon_turn.png */; };
		18EDBDC61D8172D1008E4408 /* icon_turn@2x.png in Resources */ = {isa = PBXBuildFile; fileRef = 18EDBDBA1D8172D1008E4408 /* icon_turn@2x.png */; };
		18EDBDC71D8172D1008E4408 /* icon_turn@3x.png in Resources */ = {isa = PBXBuildFile; fileRef = 18EDBDBB1D8172D1008E4408 /* icon_turn@3x.png */; };
		18EDBDCB1D8173E6008E4408 /* icon_close.png in Resources */ = {isa = PBXBuildFile; fileRef = 18EDBDC81D8173E6008E4408 /* icon_close.png */; };
		18EDBDCC1D8173E6008E4408 /* icon_close@2x.png in Resources */ = {isa = PBXBuildFile; fileRef = 18EDBDC91D8173E6008E4408 /* icon_close@2x.png */; };
		18EDBDCD1D8173E6008E4408 /* icon_close@3x.png in Resources */ = {isa = PBXBuildFile; fileRef = 18EDBDCA1D8173E6008E4408 /* icon_close@3x.png */; };
		18EDBDD11D817435008E4408 /* icon_upload_photos.png in Resources */ = {isa = PBXBuildFile; fileRef = 18EDBDCE1D817435008E4408 /* icon_upload_photos.png */; };
		18EDBDD21D817435008E4408 /* icon_upload_photos@2x.png in Resources */ = {isa = PBXBuildFile; fileRef = 18EDBDCF1D817435008E4408 /* icon_upload_photos@2x.png */; };
		18EDBDD31D817435008E4408 /* icon_upload_photos@3x.png in Resources */ = {isa = PBXBuildFile; fileRef = 18EDBDD01D817435008E4408 /* icon_upload_photos@3x.png */; };
		E502A3531E69527400A06B9C /* FilterCollectionViewCell.swift in Sources */ = {isa = PBXBuildFile; fileRef = E502A34D1E69527400A06B9C /* FilterCollectionViewCell.swift */; };
		E502A3541E69527400A06B9C /* FilterCollectionViewCell.xib in Resources */ = {isa = PBXBuildFile; fileRef = E502A34E1E69527400A06B9C /* FilterCollectionViewCell.xib */; };
		E502A3561E69527400A06B9C /* PLCameraTool.swift in Sources */ = {isa = PBXBuildFile; fileRef = E502A3521E69527400A06B9C /* PLCameraTool.swift */; };
		E502A3601E69800300A06B9C /* brightness.png in Resources */ = {isa = PBXBuildFile; fileRef = E502A3571E69800300A06B9C /* brightness.png */; };
		E502A3611E69800300A06B9C /* brightness@2x.png.png in Resources */ = {isa = PBXBuildFile; fileRef = E502A3581E69800300A06B9C /* brightness@2x.png.png */; };
		E502A3621E69800300A06B9C /* brightness@3x.png.png in Resources */ = {isa = PBXBuildFile; fileRef = E502A3591E69800300A06B9C /* brightness@3x.png.png */; };
		E502A3631E69800300A06B9C /* contrast.png in Resources */ = {isa = PBXBuildFile; fileRef = E502A35A1E69800300A06B9C /* contrast.png */; };
		E502A3641E69800300A06B9C /* contrast@2x.png.png in Resources */ = {isa = PBXBuildFile; fileRef = E502A35B1E69800300A06B9C /* contrast@2x.png.png */; };
		E502A3651E69800300A06B9C /* contrast@3x.png.png in Resources */ = {isa = PBXBuildFile; fileRef = E502A35C1E69800300A06B9C /* contrast@3x.png.png */; };
		E502A3661E69800300A06B9C /* saturation.png in Resources */ = {isa = PBXBuildFile; fileRef = E502A35D1E69800300A06B9C /* saturation.png */; };
		E502A3671E69800300A06B9C /* saturation@2x.png.png in Resources */ = {isa = PBXBuildFile; fileRef = E502A35E1E69800300A06B9C /* saturation@2x.png.png */; };
		E502A3681E69800300A06B9C /* saturation@3x.png.png in Resources */ = {isa = PBXBuildFile; fileRef = E502A35F1E69800300A06B9C /* saturation@3x.png.png */; };
		E502A36B1E69897B00A06B9C /* FilterSettingViewController.swift in Sources */ = {isa = PBXBuildFile; fileRef = E502A3691E69897B00A06B9C /* FilterSettingViewController.swift */; };
		E502A36C1E69897B00A06B9C /* FilterSettingViewController.xib in Resources */ = {isa = PBXBuildFile; fileRef = E502A36A1E69897B00A06B9C /* FilterSettingViewController.xib */; };
		E502A3731E698D6700A06B9C /* photo_cancel.png in Resources */ = {isa = PBXBuildFile; fileRef = E502A36D1E698D6700A06B9C /* photo_cancel.png */; };
		E502A3741E698D6700A06B9C /* photo_cancel@2x.png.png in Resources */ = {isa = PBXBuildFile; fileRef = E502A36E1E698D6700A06B9C /* photo_cancel@2x.png.png */; };
		E502A3751E698D6700A06B9C /* photo_cancel@3x.png.png in Resources */ = {isa = PBXBuildFile; fileRef = E502A36F1E698D6700A06B9C /* photo_cancel@3x.png.png */; };
		E502A3761E698D6700A06B9C /* photo_ok.png in Resources */ = {isa = PBXBuildFile; fileRef = E502A3701E698D6700A06B9C /* photo_ok.png */; };
		E502A3771E698D6700A06B9C /* photo_ok@2x.png.png in Resources */ = {isa = PBXBuildFile; fileRef = E502A3711E698D6700A06B9C /* photo_ok@2x.png.png */; };
		E502A3781E698D6700A06B9C /* photo_ok@3x.png.png in Resources */ = {isa = PBXBuildFile; fileRef = E502A3721E698D6700A06B9C /* photo_ok@3x.png.png */; };
		E56226971D7BEAD600DD1E36 /* AppDelegate.swift in Sources */ = {isa = PBXBuildFile; fileRef = E56226961D7BEAD600DD1E36 /* AppDelegate.swift */; };
		E56226991D7BEAD600DD1E36 /* ViewController.swift in Sources */ = {isa = PBXBuildFile; fileRef = E56226981D7BEAD600DD1E36 /* ViewController.swift */; };
		E562269C1D7BEAD600DD1E36 /* Main.storyboard in Resources */ = {isa = PBXBuildFile; fileRef = E562269A1D7BEAD600DD1E36 /* Main.storyboard */; };
		E562269E1D7BEAD600DD1E36 /* Assets.xcassets in Resources */ = {isa = PBXBuildFile; fileRef = E562269D1D7BEAD600DD1E36 /* Assets.xcassets */; };
		E56226A11D7BEAD600DD1E36 /* LaunchScreen.storyboard in Resources */ = {isa = PBXBuildFile; fileRef = E562269F1D7BEAD600DD1E36 /* LaunchScreen.storyboard */; };
/* End PBXBuildFile section */

/* Begin PBXFileReference section */
		18C9DE591E262B0C00A9A07B /* CropOverlay.swift */ = {isa = PBXFileReference; fileEncoding = 4; lastKnownFileType = sourcecode.swift; path = CropOverlay.swift; sourceTree = "<group>"; };
		18C9DE5A1E262B0C00A9A07B /* CropViewController.swift */ = {isa = PBXFileReference; fileEncoding = 4; lastKnownFileType = sourcecode.swift; path = CropViewController.swift; sourceTree = "<group>"; };
		18C9DE5B1E262B0C00A9A07B /* CropViewController.xib */ = {isa = PBXFileReference; fileEncoding = 4; lastKnownFileType = file.xib; path = CropViewController.xib; sourceTree = "<group>"; };
		18C9DE5F1E262E4600A9A07B /* LightStatusImagePickerController.swift */ = {isa = PBXFileReference; fileEncoding = 4; lastKnownFileType = sourcecode.swift; path = LightStatusImagePickerController.swift; sourceTree = "<group>"; };
		18C9DE611E271F5300A9A07B /* FilterViewController.swift */ = {isa = PBXFileReference; fileEncoding = 4; lastKnownFileType = sourcecode.swift; path = FilterViewController.swift; sourceTree = "<group>"; };
		18C9DE621E271F5300A9A07B /* FilterViewController.xib */ = {isa = PBXFileReference; fileEncoding = 4; lastKnownFileType = file.xib; path = FilterViewController.xib; sourceTree = "<group>"; };
		18EDBDA91D81614D008E4408 /* Camera.xcassets */ = {isa = PBXFileReference; lastKnownFileType = folder.assetcatalog; path = Camera.xcassets; sourceTree = "<group>"; };
		18EDBDAA1D81614D008E4408 /* PLCameraViewController.swift */ = {isa = PBXFileReference; fileEncoding = 4; lastKnownFileType = sourcecode.swift; path = PLCameraViewController.swift; sourceTree = "<group>"; };
		18EDBDAB1D81614D008E4408 /* PLCameraViewController.xib */ = {isa = PBXFileReference; fileEncoding = 4; lastKnownFileType = file.xib; path = PLCameraViewController.xib; sourceTree = "<group>"; };
		18EDBDB01D8172D1008E4408 /* icon_flash_1.png */ = {isa = PBXFileReference; lastKnownFileType = image.png; path = icon_flash_1.png; sourceTree = "<group>"; };
		18EDBDB11D8172D1008E4408 /* icon_flash_1@2x.png */ = {isa = PBXFileReference; lastKnownFileType = image.png; path = "icon_flash_1@2x.png"; sourceTree = "<group>"; };
		18EDBDB21D8172D1008E4408 /* icon_flash_1@3x.png */ = {isa = PBXFileReference; lastKnownFileType = image.png; path = "icon_flash_1@3x.png"; sourceTree = "<group>"; };
		18EDBDB31D8172D1008E4408 /* icon_flash_2.png */ = {isa = PBXFileReference; lastKnownFileType = image.png; path = icon_flash_2.png; sourceTree = "<group>"; };
		18EDBDB41D8172D1008E4408 /* icon_flash_2@2x.png */ = {isa = PBXFileReference; lastKnownFileType = image.png; path = "icon_flash_2@2x.png"; sourceTree = "<group>"; };
		18EDBDB51D8172D1008E4408 /* icon_flash_2@3x.png */ = {isa = PBXFileReference; lastKnownFileType = image.png; path = "icon_flash_2@3x.png"; sourceTree = "<group>"; };
		18EDBDB61D8172D1008E4408 /* icon_flash_3.png */ = {isa = PBXFileReference; lastKnownFileType = image.png; path = icon_flash_3.png; sourceTree = "<group>"; };
		18EDBDB71D8172D1008E4408 /* icon_flash_3@2x.png */ = {isa = PBXFileReference; lastKnownFileType = image.png; path = "icon_flash_3@2x.png"; sourceTree = "<group>"; };
		18EDBDB81D8172D1008E4408 /* icon_flash_3@3x.png */ = {isa = PBXFileReference; lastKnownFileType = image.png; path = "icon_flash_3@3x.png"; sourceTree = "<group>"; };
		18EDBDB91D8172D1008E4408 /* icon_turn.png */ = {isa = PBXFileReference; lastKnownFileType = image.png; path = icon_turn.png; sourceTree = "<group>"; };
		18EDBDBA1D8172D1008E4408 /* icon_turn@2x.png */ = {isa = PBXFileReference; lastKnownFileType = image.png; path = "icon_turn@2x.png"; sourceTree = "<group>"; };
		18EDBDBB1D8172D1008E4408 /* icon_turn@3x.png */ = {isa = PBXFileReference; lastKnownFileType = image.png; path = "icon_turn@3x.png"; sourceTree = "<group>"; };
		18EDBDC81D8173E6008E4408 /* icon_close.png */ = {isa = PBXFileReference; lastKnownFileType = image.png; path = icon_close.png; sourceTree = "<group>"; };
		18EDBDC91D8173E6008E4408 /* icon_close@2x.png */ = {isa = PBXFileReference; lastKnownFileType = image.png; path = "icon_close@2x.png"; sourceTree = "<group>"; };
		18EDBDCA1D8173E6008E4408 /* icon_close@3x.png */ = {isa = PBXFileReference; lastKnownFileType = image.png; path = "icon_close@3x.png"; sourceTree = "<group>"; };
		18EDBDCE1D817435008E4408 /* icon_upload_photos.png */ = {isa = PBXFileReference; lastKnownFileType = image.png; path = icon_upload_photos.png; sourceTree = "<group>"; };
		18EDBDCF1D817435008E4408 /* icon_upload_photos@2x.png */ = {isa = PBXFileReference; lastKnownFileType = image.png; path = "icon_upload_photos@2x.png"; sourceTree = "<group>"; };
		18EDBDD01D817435008E4408 /* icon_upload_photos@3x.png */ = {isa = PBXFileReference; lastKnownFileType = image.png; path = "icon_upload_photos@3x.png"; sourceTree = "<group>"; };
		E502A34D1E69527400A06B9C /* FilterCollectionViewCell.swift */ = {isa = PBXFileReference; fileEncoding = 4; lastKnownFileType = sourcecode.swift; path = FilterCollectionViewCell.swift; sourceTree = "<group>"; };
		E502A34E1E69527400A06B9C /* FilterCollectionViewCell.xib */ = {isa = PBXFileReference; fileEncoding = 4; lastKnownFileType = file.xib; path = FilterCollectionViewCell.xib; sourceTree = "<group>"; };
		E502A3521E69527400A06B9C /* PLCameraTool.swift */ = {isa = PBXFileReference; fileEncoding = 4; lastKnownFileType = sourcecode.swift; path = PLCameraTool.swift; sourceTree = "<group>"; };
		E502A3571E69800300A06B9C /* brightness.png */ = {isa = PBXFileReference; lastKnownFileType = image.png; path = brightness.png; sourceTree = "<group>"; };
		E502A3581E69800300A06B9C /* brightness@2x.png.png */ = {isa = PBXFileReference; lastKnownFileType = image.png; path = "brightness@2x.png.png"; sourceTree = "<group>"; };
		E502A3591E69800300A06B9C /* brightness@3x.png.png */ = {isa = PBXFileReference; lastKnownFileType = image.png; path = "brightness@3x.png.png"; sourceTree = "<group>"; };
		E502A35A1E69800300A06B9C /* contrast.png */ = {isa = PBXFileReference; lastKnownFileType = image.png; path = contrast.png; sourceTree = "<group>"; };
		E502A35B1E69800300A06B9C /* contrast@2x.png.png */ = {isa = PBXFileReference; lastKnownFileType = image.png; path = "contrast@2x.png.png"; sourceTree = "<group>"; };
		E502A35C1E69800300A06B9C /* contrast@3x.png.png */ = {isa = PBXFileReference; lastKnownFileType = image.png; path = "contrast@3x.png.png"; sourceTree = "<group>"; };
		E502A35D1E69800300A06B9C /* saturation.png */ = {isa = PBXFileReference; lastKnownFileType = image.png; path = saturation.png; sourceTree = "<group>"; };
		E502A35E1E69800300A06B9C /* saturation@2x.png.png */ = {isa = PBXFileReference; lastKnownFileType = image.png; path = "saturation@2x.png.png"; sourceTree = "<group>"; };
		E502A35F1E69800300A06B9C /* saturation@3x.png.png */ = {isa = PBXFileReference; lastKnownFileType = image.png; path = "saturation@3x.png.png"; sourceTree = "<group>"; };
		E502A3691E69897B00A06B9C /* FilterSettingViewController.swift */ = {isa = PBXFileReference; fileEncoding = 4; lastKnownFileType = sourcecode.swift; path = FilterSettingViewController.swift; sourceTree = "<group>"; };
		E502A36A1E69897B00A06B9C /* FilterSettingViewController.xib */ = {isa = PBXFileReference; fileEncoding = 4; lastKnownFileType = file.xib; path = FilterSettingViewController.xib; sourceTree = "<group>"; };
		E502A36D1E698D6700A06B9C /* photo_cancel.png */ = {isa = PBXFileReference; lastKnownFileType = image.png; path = photo_cancel.png; sourceTree = "<group>"; };
		E502A36E1E698D6700A06B9C /* photo_cancel@2x.png.png */ = {isa = PBXFileReference; lastKnownFileType = image.png; path = "photo_cancel@2x.png.png"; sourceTree = "<group>"; };
		E502A36F1E698D6700A06B9C /* photo_cancel@3x.png.png */ = {isa = PBXFileReference; lastKnownFileType = image.png; path = "photo_cancel@3x.png.png"; sourceTree = "<group>"; };
		E502A3701E698D6700A06B9C /* photo_ok.png */ = {isa = PBXFileReference; lastKnownFileType = image.png; path = photo_ok.png; sourceTree = "<group>"; };
		E502A3711E698D6700A06B9C /* photo_ok@2x.png.png */ = {isa = PBXFileReference; lastKnownFileType = image.png; path = "photo_ok@2x.png.png"; sourceTree = "<group>"; };
		E502A3721E698D6700A06B9C /* photo_ok@3x.png.png */ = {isa = PBXFileReference; lastKnownFileType = image.png; path = "photo_ok@3x.png.png"; sourceTree = "<group>"; };
		E56226931D7BEAD600DD1E36 /* CamerSample.app */ = {isa = PBXFileReference; explicitFileType = wrapper.application; includeInIndex = 0; path = CamerSample.app; sourceTree = BUILT_PRODUCTS_DIR; };
		E56226961D7BEAD600DD1E36 /* AppDelegate.swift */ = {isa = PBXFileReference; lastKnownFileType = sourcecode.swift; path = AppDelegate.swift; sourceTree = "<group>"; };
		E56226981D7BEAD600DD1E36 /* ViewController.swift */ = {isa = PBXFileReference; lastKnownFileType = sourcecode.swift; path = ViewController.swift; sourceTree = "<group>"; };
		E562269B1D7BEAD600DD1E36 /* Base */ = {isa = PBXFileReference; lastKnownFileType = file.storyboard; name = Base; path = Base.lproj/Main.storyboard; sourceTree = "<group>"; };
		E562269D1D7BEAD600DD1E36 /* Assets.xcassets */ = {isa = PBXFileReference; lastKnownFileType = folder.assetcatalog; path = Assets.xcassets; sourceTree = "<group>"; };
		E56226A01D7BEAD600DD1E36 /* Base */ = {isa = PBXFileReference; lastKnownFileType = file.storyboard; name = Base; path = Base.lproj/LaunchScreen.storyboard; sourceTree = "<group>"; };
		E56226A21D7BEAD600DD1E36 /* Info.plist */ = {isa = PBXFileReference; lastKnownFileType = text.plist.xml; path = Info.plist; sourceTree = "<group>"; };
/* End PBXFileReference section */

/* Begin PBXFrameworksBuildPhase section */
		E56226901D7BEAD600DD1E36 /* Frameworks */ = {
			isa = PBXFrameworksBuildPhase;
			buildActionMask = 2147483647;
			files = (
			);
			runOnlyForDeploymentPostprocessing = 0;
		};
/* End PBXFrameworksBuildPhase section */

/* Begin PBXGroup section */
		18EDBDA81D81614D008E4408 /* PLCameraViewController */ = {
			isa = PBXGroup;
			children = (
				E502A34C1E69527400A06B9C /* Cell */,
				E502A34F1E69527400A06B9C /* Tool */,
				18C9DE591E262B0C00A9A07B /* CropOverlay.swift */,
				18C9DE5A1E262B0C00A9A07B /* CropViewController.swift */,
				18C9DE5B1E262B0C00A9A07B /* CropViewController.xib */,
				18EDBDA91D81614D008E4408 /* Camera.xcassets */,
				18EDBDAA1D81614D008E4408 /* PLCameraViewController.swift */,
				18EDBDAB1D81614D008E4408 /* PLCameraViewController.xib */,
				18C9DE5F1E262E4600A9A07B /* LightStatusImagePickerController.swift */,
				18C9DE611E271F5300A9A07B /* FilterViewController.swift */,
				18C9DE621E271F5300A9A07B /* FilterViewController.xib */,
				E502A3691E69897B00A06B9C /* FilterSettingViewController.swift */,
				E502A36A1E69897B00A06B9C /* FilterSettingViewController.xib */,
			);
			path = PLCameraViewController;
			sourceTree = "<group>";
		};
		18EDBDAF1D8172C5008E4408 /* Icon */ = {
			isa = PBXGroup;
			children = (
				E502A36D1E698D6700A06B9C /* photo_cancel.png */,
				E502A36E1E698D6700A06B9C /* photo_cancel@2x.png.png */,
				E502A36F1E698D6700A06B9C /* photo_cancel@3x.png.png */,
				E502A3701E698D6700A06B9C /* photo_ok.png */,
				E502A3711E698D6700A06B9C /* photo_ok@2x.png.png */,
				E502A3721E698D6700A06B9C /* photo_ok@3x.png.png */,
				E502A3571E69800300A06B9C /* brightness.png */,
				E502A3581E69800300A06B9C /* brightness@2x.png.png */,
				E502A3591E69800300A06B9C /* brightness@3x.png.png */,
				E502A35A1E69800300A06B9C /* contrast.png */,
				E502A35B1E69800300A06B9C /* contrast@2x.png.png */,
				E502A35C1E69800300A06B9C /* contrast@3x.png.png */,
				E502A35D1E69800300A06B9C /* saturation.png */,
				E502A35E1E69800300A06B9C /* saturation@2x.png.png */,
				E502A35F1E69800300A06B9C /* saturation@3x.png.png */,
				18EDBDCE1D817435008E4408 /* icon_upload_photos.png */,
				18EDBDCF1D817435008E4408 /* icon_upload_photos@2x.png */,
				18EDBDD01D817435008E4408 /* icon_upload_photos@3x.png */,
				18EDBDC81D8173E6008E4408 /* icon_close.png */,
				18EDBDC91D8173E6008E4408 /* icon_close@2x.png */,
				18EDBDCA1D8173E6008E4408 /* icon_close@3x.png */,
				18EDBDB01D8172D1008E4408 /* icon_flash_1.png */,
				18EDBDB11D8172D1008E4408 /* icon_flash_1@2x.png */,
				18EDBDB21D8172D1008E4408 /* icon_flash_1@3x.png */,
				18EDBDB31D8172D1008E4408 /* icon_flash_2.png */,
				18EDBDB41D8172D1008E4408 /* icon_flash_2@2x.png */,
				18EDBDB51D8172D1008E4408 /* icon_flash_2@3x.png */,
				18EDBDB61D8172D1008E4408 /* icon_flash_3.png */,
				18EDBDB71D8172D1008E4408 /* icon_flash_3@2x.png */,
				18EDBDB81D8172D1008E4408 /* icon_flash_3@3x.png */,
				18EDBDB91D8172D1008E4408 /* icon_turn.png */,
				18EDBDBA1D8172D1008E4408 /* icon_turn@2x.png */,
				18EDBDBB1D8172D1008E4408 /* icon_turn@3x.png */,
			);
			name = Icon;
			sourceTree = "<group>";
		};
		E502A34C1E69527400A06B9C /* Cell */ = {
			isa = PBXGroup;
			children = (
				E502A34D1E69527400A06B9C /* FilterCollectionViewCell.swift */,
				E502A34E1E69527400A06B9C /* FilterCollectionViewCell.xib */,
			);
			path = Cell;
			sourceTree = "<group>";
		};
		E502A34F1E69527400A06B9C /* Tool */ = {
			isa = PBXGroup;
			children = (
				E502A3521E69527400A06B9C /* PLCameraTool.swift */,
			);
			path = Tool;
			sourceTree = "<group>";
		};
		E562268A1D7BEAD600DD1E36 = {
			isa = PBXGroup;
			children = (
				E56226951D7BEAD600DD1E36 /* CamerSample */,
				E56226941D7BEAD600DD1E36 /* Products */,
			);
			sourceTree = "<group>";
			usesTabs = 0;
		};
		E56226941D7BEAD600DD1E36 /* Products */ = {
			isa = PBXGroup;
			children = (
				E56226931D7BEAD600DD1E36 /* CamerSample.app */,
			);
			name = Products;
			sourceTree = "<group>";
		};
		E56226951D7BEAD600DD1E36 /* CamerSample */ = {
			isa = PBXGroup;
			children = (
				18EDBDAF1D8172C5008E4408 /* Icon */,
				18EDBDA81D81614D008E4408 /* PLCameraViewController */,
				E56226961D7BEAD600DD1E36 /* AppDelegate.swift */,
				E56226981D7BEAD600DD1E36 /* ViewController.swift */,
				E562269A1D7BEAD600DD1E36 /* Main.storyboard */,
				E562269D1D7BEAD600DD1E36 /* Assets.xcassets */,
				E562269F1D7BEAD600DD1E36 /* LaunchScreen.storyboard */,
				E56226A21D7BEAD600DD1E36 /* Info.plist */,
			);
			name = CamerSample;
			path = CamerTest;
			sourceTree = "<group>";
		};
/* End PBXGroup section */

/* Begin PBXNativeTarget section */
		E56226921D7BEAD600DD1E36 /* CamerSample */ = {
			isa = PBXNativeTarget;
			buildConfigurationList = E56226A51D7BEAD600DD1E36 /* Build configuration list for PBXNativeTarget "CamerSample" */;
			buildPhases = (
				E562268F1D7BEAD600DD1E36 /* Sources */,
				E56226901D7BEAD600DD1E36 /* Frameworks */,
				E56226911D7BEAD600DD1E36 /* Resources */,
			);
			buildRules = (
			);
			dependencies = (
			);
			name = CamerSample;
			productName = CamerTest;
			productReference = E56226931D7BEAD600DD1E36 /* CamerSample.app */;
			productType = "com.apple.product-type.application";
		};
/* End PBXNativeTarget section */

/* Begin PBXProject section */
		E562268B1D7BEAD600DD1E36 /* Project object */ = {
			isa = PBXProject;
			attributes = {
				LastSwiftUpdateCheck = 0730;
				LastUpgradeCheck = 0910;
				ORGANIZATIONNAME = "Yu-cheng Jhuo";
				TargetAttributes = {
					E56226921D7BEAD600DD1E36 = {
						CreatedOnToolsVersion = 7.3.1;
						LastSwiftMigration = 0910;
					};
				};
			};
			buildConfigurationList = E562268E1D7BEAD600DD1E36 /* Build configuration list for PBXProject "CamerSample" */;
			compatibilityVersion = "Xcode 8.0";
			developmentRegion = English;
			hasScannedForEncodings = 0;
			knownRegions = (
				en,
				Base,
			);
			mainGroup = E562268A1D7BEAD600DD1E36;
			productRefGroup = E56226941D7BEAD600DD1E36 /* Products */;
			projectDirPath = "";
			projectRoot = "";
			targets = (
				E56226921D7BEAD600DD1E36 /* CamerSample */,
			);
		};
/* End PBXProject section */

/* Begin PBXResourcesBuildPhase section */
		E56226911D7BEAD600DD1E36 /* Resources */ = {
			isa = PBXResourcesBuildPhase;
			buildActionMask = 2147483647;
			files = (
				18EDBDBD1D8172D1008E4408 /* icon_flash_1@2x.png in Resources */,
				18EDBDC11D8172D1008E4408 /* icon_flash_2@3x.png in Resources */,
				E502A3771E698D6700A06B9C /* photo_ok@2x.png.png in Resources */,
				18EDBDC51D8172D1008E4408 /* icon_turn.png in Resources */,
				E502A3671E69800300A06B9C /* saturation@2x.png.png in Resources */,
				E502A3601E69800300A06B9C /* brightness.png in Resources */,
				18EDBDD31D817435008E4408 /* icon_upload_photos@3x.png in Resources */,
				E502A3641E69800300A06B9C /* contrast@2x.png.png in Resources */,
				E502A3631E69800300A06B9C /* contrast.png in Resources */,
				18EDBDD21D817435008E4408 /* icon_upload_photos@2x.png in Resources */,
				18C9DE641E271F5300A9A07B /* FilterViewController.xib in Resources */,
				18EDBDAC1D81614D008E4408 /* Camera.xcassets in Resources */,
				E502A36C1E69897B00A06B9C /* FilterSettingViewController.xib in Resources */,
				18EDBDCC1D8173E6008E4408 /* icon_close@2x.png in Resources */,
				E502A3661E69800300A06B9C /* saturation.png in Resources */,
				18EDBDC41D8172D1008E4408 /* icon_flash_3@3x.png in Resources */,
				E502A3611E69800300A06B9C /* brightness@2x.png.png in Resources */,
				18EDBDBC1D8172D1008E4408 /* icon_flash_1.png in Resources */,
				E502A3621E69800300A06B9C /* brightness@3x.png.png in Resources */,
				E502A3761E698D6700A06B9C /* photo_ok.png in Resources */,
				E56226A11D7BEAD600DD1E36 /* LaunchScreen.storyboard in Resources */,
				E562269E1D7BEAD600DD1E36 /* Assets.xcassets in Resources */,
				18EDBDC01D8172D1008E4408 /* icon_flash_2@2x.png in Resources */,
				E502A3651E69800300A06B9C /* contrast@3x.png.png in Resources */,
				18EDBDC21D8172D1008E4408 /* icon_flash_3.png in Resources */,
				18EDBDAE1D81614D008E4408 /* PLCameraViewController.xib in Resources */,
				E562269C1D7BEAD600DD1E36 /* Main.storyboard in Resources */,
				E502A3751E698D6700A06B9C /* photo_cancel@3x.png.png in Resources */,
				E502A3541E69527400A06B9C /* FilterCollectionViewCell.xib in Resources */,
				18EDBDCD1D8173E6008E4408 /* icon_close@3x.png in Resources */,
				E502A3681E69800300A06B9C /* saturation@3x.png.png in Resources */,
				E502A3731E698D6700A06B9C /* photo_cancel.png in Resources */,
				18EDBDD11D817435008E4408 /* icon_upload_photos.png in Resources */,
				E502A3781E698D6700A06B9C /* photo_ok@3x.png.png in Resources */,
				18EDBDBF1D8172D1008E4408 /* icon_flash_2.png in Resources */,
				18EDBDC71D8172D1008E4408 /* icon_turn@3x.png in Resources */,
				18EDBDBE1D8172D1008E4408 /* icon_flash_1@3x.png in Resources */,
				18EDBDC61D8172D1008E4408 /* icon_turn@2x.png in Resources */,
				E502A3741E698D6700A06B9C /* photo_cancel@2x.png.png in Resources */,
				18EDBDC31D8172D1008E4408 /* icon_flash_3@2x.png in Resources */,
				18EDBDCB1D8173E6008E4408 /* icon_close.png in Resources */,
				18C9DE5E1E262B0C00A9A07B /* CropViewController.xib in Resources */,
			);
			runOnlyForDeploymentPostprocessing = 0;
		};
/* End PBXResourcesBuildPhase section */

/* Begin PBXSourcesBuildPhase section */
		E562268F1D7BEAD600DD1E36 /* Sources */ = {
			isa = PBXSourcesBuildPhase;
			buildActionMask = 2147483647;
			files = (
				18C9DE631E271F5300A9A07B /* FilterViewController.swift in Sources */,
				18C9DE5D1E262B0C00A9A07B /* CropViewController.swift in Sources */,
				E56226991D7BEAD600DD1E36 /* ViewController.swift in Sources */,
				E502A3561E69527400A06B9C /* PLCameraTool.swift in Sources */,
				18C9DE601E262E4600A9A07B /* LightStatusImagePickerController.swift in Sources */,
				E56226971D7BEAD600DD1E36 /* AppDelegate.swift in Sources */,
				18C9DE5C1E262B0C00A9A07B /* CropOverlay.swift in Sources */,
				E502A36B1E69897B00A06B9C /* FilterSettingViewController.swift in Sources */,
				E502A3531E69527400A06B9C /* FilterCollectionViewCell.swift in Sources */,
				18EDBDAD1D81614D008E4408 /* PLCameraViewController.swift in Sources */,
			);
			runOnlyForDeploymentPostprocessing = 0;
		};
/* End PBXSourcesBuildPhase section */

/* Begin PBXVariantGroup section */
		E562269A1D7BEAD600DD1E36 /* Main.storyboard */ = {
			isa = PBXVariantGroup;
			children = (
				E562269B1D7BEAD600DD1E36 /* Base */,
			);
			name = Main.storyboard;
			sourceTree = "<group>";
		};
		E562269F1D7BEAD600DD1E36 /* LaunchScreen.storyboard */ = {
			isa = PBXVariantGroup;
			children = (
				E56226A01D7BEAD600DD1E36 /* Base */,
			);
			name = LaunchScreen.storyboard;
			sourceTree = "<group>";
		};
/* End PBXVariantGroup section */

/* Begin XCBuildConfiguration section */
		E56226A31D7BEAD600DD1E36 /* Debug */ = {
			isa = XCBuildConfiguration;
			buildSettings = {
				ALWAYS_SEARCH_USER_PATHS = NO;
				CLANG_ANALYZER_NONNULL = YES;
				CLANG_CXX_LANGUAGE_STANDARD = "gnu++0x";
				CLANG_CXX_LIBRARY = "libc++";
				CLANG_ENABLE_MODULES = YES;
				CLANG_ENABLE_OBJC_ARC = YES;
				CLANG_WARN_BLOCK_CAPTURE_AUTORELEASING = YES;
				CLANG_WARN_BOOL_CONVERSION = YES;
				CLANG_WARN_COMMA = YES;
				CLANG_WARN_CONSTANT_CONVERSION = YES;
				CLANG_WARN_DIRECT_OBJC_ISA_USAGE = YES_ERROR;
				CLANG_WARN_EMPTY_BODY = YES;
				CLANG_WARN_ENUM_CONVERSION = YES;
				CLANG_WARN_INFINITE_RECURSION = YES;
				CLANG_WARN_INT_CONVERSION = YES;
				CLANG_WARN_NON_LITERAL_NULL_CONVERSION = YES;
				CLANG_WARN_OBJC_LITERAL_CONVERSION = YES;
				CLANG_WARN_OBJC_ROOT_CLASS = YES_ERROR;
				CLANG_WARN_RANGE_LOOP_ANALYSIS = YES;
				CLANG_WARN_STRICT_PROTOTYPES = YES;
				CLANG_WARN_SUSPICIOUS_MOVE = YES;
				CLANG_WARN_UNREACHABLE_CODE = YES;
				CLANG_WARN__DUPLICATE_METHOD_MATCH = YES;
				CODE_SIGN_IDENTITY = "iPhone Developer";
				"CODE_SIGN_IDENTITY[sdk=iphoneos*]" = "iPhone Developer";
				COPY_PHASE_STRIP = NO;
				DEBUG_INFORMATION_FORMAT = dwarf;
				ENABLE_STRICT_OBJC_MSGSEND = YES;
				ENABLE_TESTABILITY = YES;
				GCC_C_LANGUAGE_STANDARD = gnu99;
				GCC_DYNAMIC_NO_PIC = NO;
				GCC_NO_COMMON_BLOCKS = YES;
				GCC_OPTIMIZATION_LEVEL = 0;
				GCC_PREPROCESSOR_DEFINITIONS = (
					"DEBUG=1",
					"$(inherited)",
				);
				GCC_WARN_64_TO_32_BIT_CONVERSION = YES;
				GCC_WARN_ABOUT_RETURN_TYPE = YES_ERROR;
				GCC_WARN_UNDECLARED_SELECTOR = YES;
				GCC_WARN_UNINITIALIZED_AUTOS = YES_AGGRESSIVE;
				GCC_WARN_UNUSED_FUNCTION = YES;
				GCC_WARN_UNUSED_VARIABLE = YES;
				IPHONEOS_DEPLOYMENT_TARGET = 9.0;
				MTL_ENABLE_DEBUG_INFO = YES;
				ONLY_ACTIVE_ARCH = YES;
				SDKROOT = iphoneos;
				SWIFT_OPTIMIZATION_LEVEL = "-Onone";
			};
			name = Debug;
		};
		E56226A41D7BEAD600DD1E36 /* Release */ = {
			isa = XCBuildConfiguration;
			buildSettings = {
				ALWAYS_SEARCH_USER_PATHS = NO;
				CLANG_ANALYZER_NONNULL = YES;
				CLANG_CXX_LANGUAGE_STANDARD = "gnu++0x";
				CLANG_CXX_LIBRARY = "libc++";
				CLANG_ENABLE_MODULES = YES;
				CLANG_ENABLE_OBJC_ARC = YES;
				CLANG_WARN_BLOCK_CAPTURE_AUTORELEASING = YES;
				CLANG_WARN_BOOL_CONVERSION = YES;
				CLANG_WARN_COMMA = YES;
				CLANG_WARN_CONSTANT_CONVERSION = YES;
				CLANG_WARN_DIRECT_OBJC_ISA_USAGE = YES_ERROR;
				CLANG_WARN_EMPTY_BODY = YES;
				CLANG_WARN_ENUM_CONVERSION = YES;
				CLANG_WARN_INFINITE_RECURSION = YES;
				CLANG_WARN_INT_CONVERSION = YES;
				CLANG_WARN_NON_LITERAL_NULL_CONVERSION = YES;
				CLANG_WARN_OBJC_LITERAL_CONVERSION = YES;
				CLANG_WARN_OBJC_ROOT_CLASS = YES_ERROR;
				CLANG_WARN_RANGE_LOOP_ANALYSIS = YES;
				CLANG_WARN_STRICT_PROTOTYPES = YES;
				CLANG_WARN_SUSPICIOUS_MOVE = YES;
				CLANG_WARN_UNREACHABLE_CODE = YES;
				CLANG_WARN__DUPLICATE_METHOD_MATCH = YES;
				CODE_SIGN_IDENTITY = "iPhone Developer";
				"CODE_SIGN_IDENTITY[sdk=iphoneos*]" = "iPhone Developer";
				COPY_PHASE_STRIP = NO;
				DEBUG_INFORMATION_FORMAT = "dwarf-with-dsym";
				ENABLE_NS_ASSERTIONS = NO;
				ENABLE_STRICT_OBJC_MSGSEND = YES;
				GCC_C_LANGUAGE_STANDARD = gnu99;
				GCC_NO_COMMON_BLOCKS = YES;
				GCC_WARN_64_TO_32_BIT_CONVERSION = YES;
				GCC_WARN_ABOUT_RETURN_TYPE = YES_ERROR;
				GCC_WARN_UNDECLARED_SELECTOR = YES;
				GCC_WARN_UNINITIALIZED_AUTOS = YES_AGGRESSIVE;
				GCC_WARN_UNUSED_FUNCTION = YES;
				GCC_WARN_UNUSED_VARIABLE = YES;
				IPHONEOS_DEPLOYMENT_TARGET = 9.0;
				MTL_ENABLE_DEBUG_INFO = NO;
				SDKROOT = iphoneos;
				SWIFT_OPTIMIZATION_LEVEL = "-Owholemodule";
				VALIDATE_PRODUCT = YES;
			};
			name = Release;
		};
		E56226A61D7BEAD600DD1E36 /* Debug */ = {
			isa = XCBuildConfiguration;
			buildSettings = {
				ASSETCATALOG_COMPILER_APPICON_NAME = AppIcon;
				CODE_SIGN_IDENTITY = "iPhone Developer";
				DEVELOPMENT_TEAM = 7QAS5EJPC9;
				INFOPLIST_FILE = CamerTest/Info.plist;
				IPHONEOS_DEPLOYMENT_TARGET = 9.0;
				LD_RUNPATH_SEARCH_PATHS = "$(inherited) @executable_path/Frameworks";
				PRODUCT_BUNDLE_IDENTIFIER = polo.CamerTest;
				PRODUCT_NAME = CamerSample;
				SWIFT_SWIFT3_OBJC_INFERENCE = On;
				SWIFT_VERSION = 4.0;
				TARGETED_DEVICE_FAMILY = 1;
			};
			name = Debug;
		};
		E56226A71D7BEAD600DD1E36 /* Release */ = {
			isa = XCBuildConfiguration;
			buildSettings = {
				ASSETCATALOG_COMPILER_APPICON_NAME = AppIcon;
				CODE_SIGN_IDENTITY = "iPhone Developer";
				DEVELOPMENT_TEAM = 7QAS5EJPC9;
				INFOPLIST_FILE = CamerTest/Info.plist;
				IPHONEOS_DEPLOYMENT_TARGET = 9.0;
				LD_RUNPATH_SEARCH_PATHS = "$(inherited) @executable_path/Frameworks";
				PRODUCT_BUNDLE_IDENTIFIER = polo.CamerTest;
				PRODUCT_NAME = CamerSample;
				SWIFT_SWIFT3_OBJC_INFERENCE = On;
				SWIFT_VERSION = 4.0;
				TARGETED_DEVICE_FAMILY = 1;
			};
			name = Release;
		};
/* End XCBuildConfiguration section */

/* Begin XCConfigurationList section */
		E562268E1D7BEAD600DD1E36 /* Build configuration list for PBXProject "CamerSample" */ = {
			isa = XCConfigurationList;
			buildConfigurations = (
				E56226A31D7BEAD600DD1E36 /* Debug */,
				E56226A41D7BEAD600DD1E36 /* Release */,
			);
			defaultConfigurationIsVisible = 0;
			defaultConfigurationName = Release;
		};
		E56226A51D7BEAD600DD1E36 /* Build configuration list for PBXNativeTarget "CamerSample" */ = {
			isa = XCConfigurationList;
			buildConfigurations = (
				E56226A61D7BEAD600DD1E36 /* Debug */,
				E56226A71D7BEAD600DD1E36 /* Release */,
			);
			defaultConfigurationIsVisible = 0;
			defaultConfigurationName = Release;
		};
/* End XCConfigurationList section */
	};
	rootObject = E562268B1D7BEAD600DD1E36 /* Project object */;
}
